{
  "nodes": {
    "dunst-fork": {
      "flake": false,
      "locked": {
        "lastModified": 1657494817,
        "narHash": "sha256-ttaaomjb3CclZG9JPdzDBj5XXlqRaKGPBY3ahFofqVM=",
        "owner": "k-vernooy",
        "repo": "dunst",
        "rev": "61567d58855ba872f8237861ddcd786d03dd2631",
        "type": "github"
      },
      "original": {
        "owner": "k-vernooy",
        "ref": "progress-styling",
        "repo": "dunst",
        "type": "github"
      }
    },
    "github-nvim-theme": {
      "flake": false,
      "locked": {
        "lastModified": 1665384859,
        "narHash": "sha256-cd9a8s2WIijsi4nvP1iu7/Dz7Mq8fxwFT0qOPuvyy00=",
        "owner": "projekt0n",
        "repo": "github-nvim-theme",
        "rev": "a0632f9fa9b696896d4b427de0c84c1e9f192204",
        "type": "github"
      },
      "original": {
        "owner": "projekt0n",
        "repo": "github-nvim-theme",
        "type": "github"
      }
    },
    "home-manager": {
      "inputs": {
        "nixpkgs": [
          "nixpkgs"
        ],
        "utils": "utils"
      },
      "locked": {
        "lastModified": 1665271265,
        "narHash": "sha256-4Nn0T5YoR3bBLFnPy6Tkc8zzmzMTBjSGZq05c5hKhEI=",
        "owner": "nix-community",
        "repo": "home-manager",
        "rev": "e1f1160284198a68ea8c7fffbbb1436f99e46ef9",
        "type": "github"
      },
      "original": {
        "owner": "nix-community",
        "repo": "home-manager",
        "type": "github"
      }
    },
    "nixpkgs": {
      "locked": {
        "lastModified": 1665259268,
        "narHash": "sha256-ONFhHBLv5nZKhwV/F2GOH16197PbvpyWhoO0AOyktkU=",
        "owner": "NixOS",
        "repo": "nixpkgs",
        "rev": "c5924154f000e6306030300592f4282949b2db6c",
        "type": "github"
      },
      "original": {
        "owner": "NixOS",
        "ref": "nixos-unstable",
        "repo": "nixpkgs",
        "type": "github"
      }
    },
    "root": {
      "inputs": {
        "dunst-fork": "dunst-fork",
        "github-nvim-theme": "github-nvim-theme",
        "home-manager": "home-manager",
        "nixpkgs": "nixpkgs"
      }
    },
    "utils": {
      "locked": {
        "lastModified": 1659877975,
        "narHash": "sha256-zllb8aq3YO3h8B/U0/J1WBgAL8EX5yWf5pMj3G0NAmc=",
        "owner": "numtide",
        "repo": "flake-utils",
        "rev": "c0e246b9b83f637f4681389ecabcb2681b4f3af0",
        "type": "github"
      },
      "original": {
        "owner": "numtide",
        "repo": "flake-utils",
        "type": "github"
      }
    }
  },
  "root": "root",
  "version": 7
}
