{
  "nodes": {
    "awesome": {
      "flake": false,
      "locked": {
        "lastModified": 1700358190,
        "narHash": "sha256-9cIQvuXUPu8io2Qs3Q8n2WkF9OstdaGUt/+0FMrRkXk=",
        "owner": "awesomeWM",
        "repo": "awesome",
        "rev": "375d9d723550023f75ff0066122aba99fdbb2a93",
        "type": "github"
      },
      "original": {
        "owner": "awesomeWM",
        "repo": "awesome",
        "type": "github"
      }
    },
    "awesome-code-doc": {
      "flake": false,
      "locked": {
        "lastModified": 1695980871,
        "narHash": "sha256-qpRXdDQLiYpI2ueE/H1+KYYEZ/GyrjbXWXGnjznP0FQ=",
        "owner": "kosorin",
        "repo": "awesome-code-doc",
        "rev": "25fe9c5f56b55b60b91ff1790cd4b78f4a5a1659",
        "type": "github"
      },
      "original": {
        "owner": "kosorin",
        "repo": "awesome-code-doc",
        "type": "github"
      }
    },
    "flake-compat": {
      "flake": false,
      "locked": {
        "lastModified": 1673956053,
        "narHash": "sha256-4gtG9iQuiKITOjNQQeQIpoIB6b16fm+504Ch3sNKLd8=",
        "owner": "edolstra",
        "repo": "flake-compat",
        "rev": "35bb57c0c8d8b62bbfd284272c928ceb64ddbde9",
        "type": "github"
      },
      "original": {
        "owner": "edolstra",
        "repo": "flake-compat",
        "type": "github"
      }
    },
    "github-nvim-theme": {
      "flake": false,
      "locked": {
        "lastModified": 1673867577,
        "narHash": "sha256-Qm9ffdkHfG5+PLQ8PbOeFMywBbKVGqX8886clQbJzyg=",
        "owner": "projekt0n",
        "repo": "github-nvim-theme",
        "rev": "24c8706c9ad26b944f5a76dea999dca8708f252e",
        "type": "github"
      },
      "original": {
        "owner": "projekt0n",
        "ref": "v0.0.7",
        "repo": "github-nvim-theme",
        "type": "github"
      }
    },
    "home-manager": {
      "inputs": {
        "nixpkgs": [
          "nixpkgs"
        ]
      },
      "locked": {
        "lastModified": 1702510888,
        "narHash": "sha256-+7Bd9j47gDjD1DD0K9zKwA+8TjnTdTRGMVCERh6w2L0=",
        "owner": "nix-community",
        "repo": "home-manager",
        "rev": "5e9d1fe19f2d17cdfeb3b7e5e668f763e430cd28",
        "type": "github"
      },
      "original": {
        "owner": "nix-community",
        "repo": "home-manager",
        "type": "github"
      }
    },
    "nixpkgs": {
      "locked": {
        "lastModified": 1702312524,
        "narHash": "sha256-gkZJRDBUCpTPBvQk25G0B7vfbpEYM5s5OZqghkjZsnE=",
        "owner": "NixOS",
        "repo": "nixpkgs",
        "rev": "a9bf124c46ef298113270b1f84a164865987a91c",
        "type": "github"
      },
      "original": {
        "owner": "NixOS",
        "ref": "nixos-unstable",
        "repo": "nixpkgs",
        "type": "github"
      }
    },
    "nixpkgs-stable": {
      "locked": {
        "lastModified": 1702346276,
        "narHash": "sha256-eAQgwIWApFQ40ipeOjVSoK4TEHVd6nbSd9fApiHIw5A=",
        "owner": "NixOS",
        "repo": "nixpkgs",
        "rev": "cf28ee258fd5f9a52de6b9865cdb93a1f96d09b7",
        "type": "github"
      },
      "original": {
        "owner": "NixOS",
        "ref": "nixos-23.11",
        "repo": "nixpkgs",
        "type": "github"
      }
    },
    "root": {
      "inputs": {
        "awesome": "awesome",
        "awesome-code-doc": "awesome-code-doc",
        "github-nvim-theme": "github-nvim-theme",
        "home-manager": "home-manager",
        "nixpkgs": "nixpkgs",
        "nixpkgs-stable": "nixpkgs-stable",
        "swayfx": "swayfx"
      }
    },
    "swayfx": {
      "inputs": {
        "flake-compat": "flake-compat",
        "nixpkgs": [
          "nixpkgs"
        ]
      },
      "locked": {
        "lastModified": 1702013428,
        "narHash": "sha256-RU7LAul1lf0CVjZQ7QZd2SELXhUnsNGgaAHycJjhOU4=",
        "owner": "WillPower3309",
        "repo": "swayfx",
        "rev": "ac52c2874ebeba4dcb9e9272079af0c71982b7e3",
        "type": "github"
      },
      "original": {
        "owner": "WillPower3309",
        "repo": "swayfx",
        "type": "github"
      }
    }
  },
  "root": "root",
  "version": 7
}
