{
  "nodes": {
    "awesome": {
      "flake": false,
      "locked": {
        "lastModified": 1700358190,
        "narHash": "sha256-9cIQvuXUPu8io2Qs3Q8n2WkF9OstdaGUt/+0FMrRkXk=",
        "owner": "awesomeWM",
        "repo": "awesome",
        "rev": "375d9d723550023f75ff0066122aba99fdbb2a93",
        "type": "github"
      },
      "original": {
        "owner": "awesomeWM",
        "repo": "awesome",
        "type": "github"
      }
    },
    "awesome-code-doc": {
      "flake": false,
      "locked": {
        "lastModified": 1695980871,
        "narHash": "sha256-qpRXdDQLiYpI2ueE/H1+KYYEZ/GyrjbXWXGnjznP0FQ=",
        "owner": "kosorin",
        "repo": "awesome-code-doc",
        "rev": "25fe9c5f56b55b60b91ff1790cd4b78f4a5a1659",
        "type": "github"
      },
      "original": {
        "owner": "kosorin",
        "repo": "awesome-code-doc",
        "type": "github"
      }
    },
    "flake-compat": {
      "flake": false,
      "locked": {
        "lastModified": 1673956053,
        "narHash": "sha256-4gtG9iQuiKITOjNQQeQIpoIB6b16fm+504Ch3sNKLd8=",
        "owner": "edolstra",
        "repo": "flake-compat",
        "rev": "35bb57c0c8d8b62bbfd284272c928ceb64ddbde9",
        "type": "github"
      },
      "original": {
        "owner": "edolstra",
        "repo": "flake-compat",
        "type": "github"
      }
    },
    "github-nvim-theme": {
      "flake": false,
      "locked": {
        "lastModified": 1673867577,
        "narHash": "sha256-Qm9ffdkHfG5+PLQ8PbOeFMywBbKVGqX8886clQbJzyg=",
        "owner": "projekt0n",
        "repo": "github-nvim-theme",
        "rev": "24c8706c9ad26b944f5a76dea999dca8708f252e",
        "type": "github"
      },
      "original": {
        "owner": "projekt0n",
        "ref": "v0.0.7",
        "repo": "github-nvim-theme",
        "type": "github"
      }
    },
    "home-manager": {
      "inputs": {
        "nixpkgs": [
          "nixpkgs"
        ]
      },
      "locked": {
        "lastModified": 1703072477,
        "narHash": "sha256-I2g7o+J26iK3sGk53iuaYiMWryzAYx0zhNQUFzTID/A=",
        "owner": "nix-community",
        "repo": "home-manager",
        "rev": "433120e47d016c9960dd9c2b1821e97d223a6a39",
        "type": "github"
      },
      "original": {
        "owner": "nix-community",
        "repo": "home-manager",
        "type": "github"
      }
    },
    "nixpkgs": {
      "locked": {
        "lastModified": 1703013332,
        "narHash": "sha256-+tFNwMvlXLbJZXiMHqYq77z/RfmpfpiI3yjL6o/Zo9M=",
        "owner": "NixOS",
        "repo": "nixpkgs",
        "rev": "54aac082a4d9bb5bbc5c4e899603abfb76a3f6d6",
        "type": "github"
      },
      "original": {
        "owner": "NixOS",
        "ref": "nixos-unstable",
        "repo": "nixpkgs",
        "type": "github"
      }
    },
    "nixpkgs-stable": {
      "locked": {
        "lastModified": 1702921762,
        "narHash": "sha256-O/rP7gulApQAB47u6szEd8Pn8Biw0d84j5iuP2tcxzY=",
        "owner": "NixOS",
        "repo": "nixpkgs",
        "rev": "d02ffbbe834b5599fc5f134e644e49397eb07188",
        "type": "github"
      },
      "original": {
        "owner": "NixOS",
        "ref": "nixos-23.11",
        "repo": "nixpkgs",
        "type": "github"
      }
    },
    "root": {
      "inputs": {
        "awesome": "awesome",
        "awesome-code-doc": "awesome-code-doc",
        "github-nvim-theme": "github-nvim-theme",
        "home-manager": "home-manager",
        "nixpkgs": "nixpkgs",
        "nixpkgs-stable": "nixpkgs-stable",
        "swayfx": "swayfx"
      }
    },
    "swayfx": {
      "inputs": {
        "flake-compat": "flake-compat",
        "nixpkgs": [
          "nixpkgs"
        ]
      },
      "locked": {
        "lastModified": 1702771222,
        "narHash": "sha256-Vi9GoR1+jImO2n9/ZGV6kwmMiyzZPpKyAu5G+GPBEJc=",
        "owner": "WillPower3309",
        "repo": "swayfx",
        "rev": "5e866d0345449f34ac51c6590a3aac285cb2f8bf",
        "type": "github"
      },
      "original": {
        "owner": "WillPower3309",
        "repo": "swayfx",
        "type": "github"
      }
    }
  },
  "root": "root",
  "version": 7
}
